
Microsoft Visual Studio Solution File, Format Version 12.00
# Visual Studio Version 16
VisualStudioVersion = 16.0.31402.337
MinimumVisualStudioVersion = 10.0.40219.1
Project("{FAE04EC0-301F-11D3-BF4B-00C04F79EFBC}") = "ConsoleApp9", "ConsoleApp9\ConsoleApp9.csproj", "{050E7296-CFC2-419B-B1DB-C00615E18EDB}"
EndProject
Global
	GlobalSection(SolutionConfigurationPlatforms) = preSolution
		Debug|Any CPU = Debug|Any CPU
		Release|Any CPU = Release|Any CPU
	EndGlobalSection
	GlobalSection(ProjectConfigurationPlatforms) = postSolution
		{050E7296-CFC2-419B-B1DB-C00615E18EDB}.Debug|Any CPU.ActiveCfg = Debug|Any CPU
		{050E7296-CFC2-419B-B1DB-C00615E18EDB}.Debug|Any CPU.Build.0 = Debug|Any CPU
		{050E7296-CFC2-419B-B1DB-C00615E18EDB}.Release|Any CPU.ActiveCfg = Release|Any CPU
		{050E7296-CFC2-419B-B1DB-C00615E18EDB}.Release|Any CPU.Build.0 = Release|Any CPU
	EndGlobalSection
	GlobalSection(SolutionProperties) = preSolution
		HideSolutionNode = FALSE
	EndGlobalSection
	GlobalSection(ExtensibilityGlobals) = postSolution
		SolutionGuid = {0F7EE5A8-7BBC-4803-A2F2-28F92D357A61}
	EndGlobalSection
EndGlobal
